
Microsoft Visual Studio Solution File, Format Version 12.00
# Visual Studio Version 17
VisualStudioVersion = 17.6.33829.357
MinimumVisualStudioVersion = 10.0.40219.1
Project("{9A19103F-16F7-4668-BE54-9A1E7A4F7556}") = "SchoolProject.Data", "SchoolProject.Data\SchoolProject.Data.csproj", "{706F6B3D-C7C7-4800-82EB-CCC659159595}"
EndProject
Project("{9A19103F-16F7-4668-BE54-9A1E7A4F7556}") = "SchoolProject.Infrastruture", "SchoolProject.Infrastruture\SchoolProject.Infrastruture.csproj", "{33157CB5-4DDE-45B0-AC06-3DE0DBCD6570}"
EndProject
Project("{9A19103F-16F7-4668-BE54-9A1E7A4F7556}") = "SchoolProject.Services", "SchoolProject.Services\SchoolProject.Services.csproj", "{69B48ACF-1A46-464F-9F59-763BC0B91633}"
EndProject
Project("{9A19103F-16F7-4668-BE54-9A1E7A4F7556}") = "SchoolProject.Core", "SchoolProject.Core\SchoolProject.Core.csproj", "{598857A9-51D0-4426-A903-56FB8AE603F7}"
EndProject
Project("{9A19103F-16F7-4668-BE54-9A1E7A4F7556}") = "SchoolProject.Api", "SchoolProject.Api\SchoolProject.Api.csproj", "{EFD9A3DA-016C-4260-BD50-E05B6399993E}"
EndProject
Project("{FAE04EC0-301F-11D3-BF4B-00C04F79EFBC}") = "Test.School", "Test.School\Test.School.csproj", "{FF39AD68-58A2-4CD9-83FE-71FF3E596062}"
EndProject
Global
	GlobalSection(SolutionConfigurationPlatforms) = preSolution
		Debug|Any CPU = Debug|Any CPU
		Release|Any CPU = Release|Any CPU
	EndGlobalSection
	GlobalSection(ProjectConfigurationPlatforms) = postSolution
		{706F6B3D-C7C7-4800-82EB-CCC659159595}.Debug|Any CPU.ActiveCfg = Debug|Any CPU
		{706F6B3D-C7C7-4800-82EB-CCC659159595}.Debug|Any CPU.Build.0 = Debug|Any CPU
		{706F6B3D-C7C7-4800-82EB-CCC659159595}.Release|Any CPU.ActiveCfg = Release|Any CPU
		{706F6B3D-C7C7-4800-82EB-CCC659159595}.Release|Any CPU.Build.0 = Release|Any CPU
		{33157CB5-4DDE-45B0-AC06-3DE0DBCD6570}.Debug|Any CPU.ActiveCfg = Debug|Any CPU
		{33157CB5-4DDE-45B0-AC06-3DE0DBCD6570}.Debug|Any CPU.Build.0 = Debug|Any CPU
		{33157CB5-4DDE-45B0-AC06-3DE0DBCD6570}.Release|Any CPU.ActiveCfg = Release|Any CPU
		{33157CB5-4DDE-45B0-AC06-3DE0DBCD6570}.Release|Any CPU.Build.0 = Release|Any CPU
		{69B48ACF-1A46-464F-9F59-763BC0B91633}.Debug|Any CPU.ActiveCfg = Debug|Any CPU
		{69B48ACF-1A46-464F-9F59-763BC0B91633}.Debug|Any CPU.Build.0 = Debug|Any CPU
		{69B48ACF-1A46-464F-9F59-763BC0B91633}.Release|Any CPU.ActiveCfg = Release|Any CPU
		{69B48ACF-1A46-464F-9F59-763BC0B91633}.Release|Any CPU.Build.0 = Release|Any CPU
		{598857A9-51D0-4426-A903-56FB8AE603F7}.Debug|Any CPU.ActiveCfg = Debug|Any CPU
		{598857A9-51D0-4426-A903-56FB8AE603F7}.Debug|Any CPU.Build.0 = Debug|Any CPU
		{598857A9-51D0-4426-A903-56FB8AE603F7}.Release|Any CPU.ActiveCfg = Release|Any CPU
		{598857A9-51D0-4426-A903-56FB8AE603F7}.Release|Any CPU.Build.0 = Release|Any CPU
		{EFD9A3DA-016C-4260-BD50-E05B6399993E}.Debug|Any CPU.ActiveCfg = Debug|Any CPU
		{EFD9A3DA-016C-4260-BD50-E05B6399993E}.Debug|Any CPU.Build.0 = Debug|Any CPU
		{EFD9A3DA-016C-4260-BD50-E05B6399993E}.Release|Any CPU.ActiveCfg = Release|Any CPU
		{EFD9A3DA-016C-4260-BD50-E05B6399993E}.Release|Any CPU.Build.0 = Release|Any CPU
		{FF39AD68-58A2-4CD9-83FE-71FF3E596062}.Debug|Any CPU.ActiveCfg = Debug|Any CPU
		{FF39AD68-58A2-4CD9-83FE-71FF3E596062}.Debug|Any CPU.Build.0 = Debug|Any CPU
		{FF39AD68-58A2-4CD9-83FE-71FF3E596062}.Release|Any CPU.ActiveCfg = Release|Any CPU
		{FF39AD68-58A2-4CD9-83FE-71FF3E596062}.Release|Any CPU.Build.0 = Release|Any CPU
	EndGlobalSection
	GlobalSection(SolutionProperties) = preSolution
		HideSolutionNode = FALSE
	EndGlobalSection
	GlobalSection(ExtensibilityGlobals) = postSolution
		SolutionGuid = {0E924746-4715-4EFE-84FD-DC5D1925CC95}
	EndGlobalSection
EndGlobal
